
Microsoft Visual Studio Solution File, Format Version 12.00
# Visual Studio Version 17
VisualStudioVersion = 17.10.35013.160
MinimumVisualStudioVersion = 10.0.40219.1
Project("{8BC9CEB8-8B4A-11D0-8D11-00A0C91BC942}") = "1.1.01", "1.1.01\1.1.01.vcxproj", "{EE7B6AE0-0659-4FD6-848D-C5BD9A054335}"
EndProject
Project("{8BC9CEB8-8B4A-11D0-8D11-00A0C91BC942}") = "1.2.01", "1.2.01\1.2.01.vcxproj", "{F4EA80B8-BDAE-4D13-A209-D527B1099606}"
EndProject
Project("{8BC9CEB8-8B4A-11D0-8D11-00A0C91BC942}") = "1.2.02", "1.2.02\1.2.02.vcxproj", "{92112833-7F61-418E-9B32-53A1FCFD761F}"
EndProject
Project("{8BC9CEB8-8B4A-11D0-8D11-00A0C91BC942}") = "1.3.01", "1.3.01\1.3.01.vcxproj", "{2953C019-C6DD-43D2-A7C6-C8C7308616FA}"
EndProject
Project("{8BC9CEB8-8B4A-11D0-8D11-00A0C91BC942}") = "1.3.02", "1.3.02\1.3.02.vcxproj", "{4D46CA5F-E00E-416F-A594-CE8565C0BBC8}"
EndProject
Project("{8BC9CEB8-8B4A-11D0-8D11-00A0C91BC942}") = "1.3.03", "1.3.03\1.3.03.vcxproj", "{635C3A33-1CD1-413E-886B-E73A2EFC1E64}"
EndProject
Project("{8BC9CEB8-8B4A-11D0-8D11-00A0C91BC942}") = "1.3.04", "1.3.04\1.3.04.vcxproj", "{CC335DF0-D689-432D-9952-72710645D991}"
EndProject
Project("{8BC9CEB8-8B4A-11D0-8D11-00A0C91BC942}") = "1.4.01", "1.4.01\1.4.01.vcxproj", "{276640C1-00F3-4716-B4F3-74E5DCA5B1E7}"
EndProject
Project("{8BC9CEB8-8B4A-11D0-8D11-00A0C91BC942}") = "1.4.02", "1.4.02\1.4.02.vcxproj", "{5C13AD43-7113-4D42-AB82-637FE8AE130E}"
EndProject
Project("{8BC9CEB8-8B4A-11D0-8D11-00A0C91BC942}") = "1.4.03", "1.4.03\1.4.03.vcxproj", "{F21EB961-07B1-4FAF-83DE-15C641A0C0F3}"
EndProject
Project("{8BC9CEB8-8B4A-11D0-8D11-00A0C91BC942}") = "1.5.01", "1.5.01\1.5.01.vcxproj", "{30F3BFAB-F994-44F6-94B2-FBAB09620B1B}"
EndProject
Project("{8BC9CEB8-8B4A-11D0-8D11-00A0C91BC942}") = "1.5.02", "1.5.02\1.5.02.vcxproj", "{DAD2EB27-CFC7-419F-B22E-A384B05BADAE}"
EndProject
Project("{8BC9CEB8-8B4A-11D0-8D11-00A0C91BC942}") = "1.5.04", "1.5.04\1.5.04.vcxproj", "{A8A56996-17DB-4689-B54A-E24955848614}"
EndProject
Project("{8BC9CEB8-8B4A-11D0-8D11-00A0C91BC942}") = "1.5.03", "1.5.03\1.5.03.vcxproj", "{5481CC01-F494-4861-9498-7155E39EB8D0}"
EndProject
Project("{8BC9CEB8-8B4A-11D0-8D11-00A0C91BC942}") = "1.6.01", "1.6.01\1.6.01.vcxproj", "{ADCA29E0-706B-4CA1-8651-C54B60D6F7C9}"
EndProject
Project("{8BC9CEB8-8B4A-11D0-8D11-00A0C91BC942}") = "1.6.02", "1.6.02\1.6.02.vcxproj", "{0EA01989-BE04-4479-835F-2CA7AA2143D3}"
EndProject
Project("{8BC9CEB8-8B4A-11D0-8D11-00A0C91BC942}") = "1.6.03", "1.6.03\1.6.03.vcxproj", "{7C1922BD-F397-4332-918A-79D37419EA7C}"
EndProject
Project("{8BC9CEB8-8B4A-11D0-8D11-00A0C91BC942}") = "1.7.01", "1.7.01\1.7.01.vcxproj", "{19CCD0E8-CA88-4876-8F08-9E010529A64D}"
EndProject
Project("{8BC9CEB8-8B4A-11D0-8D11-00A0C91BC942}") = "1.7.02", "1.7.02\1.7.02.vcxproj", "{A2DB6C75-A258-4C1E-A4A0-815D3FAB14EC}"
EndProject
Project("{8BC9CEB8-8B4A-11D0-8D11-00A0C91BC942}") = "1.8.01", "1.8.01\1.8.01.vcxproj", "{BC50BC2C-965D-438C-BD63-C2099CA68C6E}"
EndProject
Project("{8BC9CEB8-8B4A-11D0-8D11-00A0C91BC942}") = "1.8.02", "1.8.02\1.8.02.vcxproj", "{881F6D37-CDCD-4580-B27D-C47689F9A1E2}"
EndProject
Project("{8BC9CEB8-8B4A-11D0-8D11-00A0C91BC942}") = "1.9.01", "1.9.01\1.9.01.vcxproj", "{D6DF00F4-0DA7-4476-9AAD-8025585ACCA9}"
EndProject
Project("{8BC9CEB8-8B4A-11D0-8D11-00A0C91BC942}") = "1.9.02", "1.9.02\1.9.02.vcxproj", "{B4168F48-3734-4F12-9CBD-001B91854E7B}"
EndProject
Project("{8BC9CEB8-8B4A-11D0-8D11-00A0C91BC942}") = "1.9.03", "1.9.03\1.9.03.vcxproj", "{91A519DD-FBB5-47BC-A040-742C39B9FBA6}"
EndProject
Project("{8BC9CEB8-8B4A-11D0-8D11-00A0C91BC942}") = "1.10.01", "1.10.01\1.10.01.vcxproj", "{AF322285-18CB-483B-9CC7-42695A736F20}"
EndProject
Project("{8BC9CEB8-8B4A-11D0-8D11-00A0C91BC942}") = "1.10.02", "1.10.02\1.10.02.vcxproj", "{0B50E77B-492C-4FA1-91A8-7ED0A73CC56C}"
EndProject
Project("{8BC9CEB8-8B4A-11D0-8D11-00A0C91BC942}") = "1.10.03", "1.10.03\1.10.03.vcxproj", "{0D089CAB-8AA2-4F5B-9ABD-67DE45881C25}"
EndProject
Project("{8BC9CEB8-8B4A-11D0-8D11-00A0C91BC942}") = "1.11.01", "1.11.01\1.11.01.vcxproj", "{E400124E-8C16-4539-B767-87A713D0A14B}"
EndProject
Project("{8BC9CEB8-8B4A-11D0-8D11-00A0C91BC942}") = "1.11.02", "1.11.02\1.11.02.vcxproj", "{601E546E-75C4-405B-AE3D-3411BA2004F6}"
EndProject
Project("{8BC9CEB8-8B4A-11D0-8D11-00A0C91BC942}") = "Evolution", "Evolution\Evolution.vcxproj", "{23A8FAE7-7683-4303-9975-11B7E719C891}"
EndProject
Project("{8BC9CEB8-8B4A-11D0-8D11-00A0C91BC942}") = "1.12.01", "1.12.01\1.12.01.vcxproj", "{E5F5B99A-0AF4-4B60-A7D0-D2A6921B2212}"
EndProject
Project("{8BC9CEB8-8B4A-11D0-8D11-00A0C91BC942}") = "1.12.02", "1.12.02\1.12.02.vcxproj", "{84FE0EA5-3DAA-421F-930D-92CA534B2388}"
EndProject
Project("{8BC9CEB8-8B4A-11D0-8D11-00A0C91BC942}") = "1.12.03", "1.12.03\1.12.03.vcxproj", "{213AD641-5C7A-4285-BBAF-4967E09FA011}"
EndProject
Project("{8BC9CEB8-8B4A-11D0-8D11-00A0C91BC942}") = "1.12.04", "1.12.04\1.12.04.vcxproj", "{1C53D074-0792-4333-8875-9CE17AD42C19}"
EndProject
Global
	GlobalSection(SolutionConfigurationPlatforms) = preSolution
		Debug|x64 = Debug|x64
		Debug|x86 = Debug|x86
		Release|x64 = Release|x64
		Release|x86 = Release|x86
	EndGlobalSection
	GlobalSection(ProjectConfigurationPlatforms) = postSolution
		{EE7B6AE0-0659-4FD6-848D-C5BD9A054335}.Debug|x64.ActiveCfg = Debug|x64
		{EE7B6AE0-0659-4FD6-848D-C5BD9A054335}.Debug|x64.Build.0 = Debug|x64
		{EE7B6AE0-0659-4FD6-848D-C5BD9A054335}.Debug|x86.ActiveCfg = Debug|Win32
		{EE7B6AE0-0659-4FD6-848D-C5BD9A054335}.Debug|x86.Build.0 = Debug|Win32
		{EE7B6AE0-0659-4FD6-848D-C5BD9A054335}.Release|x64.ActiveCfg = Release|x64
		{EE7B6AE0-0659-4FD6-848D-C5BD9A054335}.Release|x64.Build.0 = Release|x64
		{EE7B6AE0-0659-4FD6-848D-C5BD9A054335}.Release|x86.ActiveCfg = Release|Win32
		{EE7B6AE0-0659-4FD6-848D-C5BD9A054335}.Release|x86.Build.0 = Release|Win32
		{F4EA80B8-BDAE-4D13-A209-D527B1099606}.Debug|x64.ActiveCfg = Debug|x64
		{F4EA80B8-BDAE-4D13-A209-D527B1099606}.Debug|x64.Build.0 = Debug|x64
		{F4EA80B8-BDAE-4D13-A209-D527B1099606}.Debug|x86.ActiveCfg = Debug|Win32
		{F4EA80B8-BDAE-4D13-A209-D527B1099606}.Debug|x86.Build.0 = Debug|Win32
		{F4EA80B8-BDAE-4D13-A209-D527B1099606}.Release|x64.ActiveCfg = Release|x64
		{F4EA80B8-BDAE-4D13-A209-D527B1099606}.Release|x64.Build.0 = Release|x64
		{F4EA80B8-BDAE-4D13-A209-D527B1099606}.Release|x86.ActiveCfg = Release|Win32
		{F4EA80B8-BDAE-4D13-A209-D527B1099606}.Release|x86.Build.0 = Release|Win32
		{92112833-7F61-418E-9B32-53A1FCFD761F}.Debug|x64.ActiveCfg = Debug|x64
		{92112833-7F61-418E-9B32-53A1FCFD761F}.Debug|x64.Build.0 = Debug|x64
		{92112833-7F61-418E-9B32-53A1FCFD761F}.Debug|x86.ActiveCfg = Debug|Win32
		{92112833-7F61-418E-9B32-53A1FCFD761F}.Debug|x86.Build.0 = Debug|Win32
		{92112833-7F61-418E-9B32-53A1FCFD761F}.Release|x64.ActiveCfg = Release|x64
		{92112833-7F61-418E-9B32-53A1FCFD761F}.Release|x64.Build.0 = Release|x64
		{92112833-7F61-418E-9B32-53A1FCFD761F}.Release|x86.ActiveCfg = Release|Win32
		{92112833-7F61-418E-9B32-53A1FCFD761F}.Release|x86.Build.0 = Release|Win32
		{2953C019-C6DD-43D2-A7C6-C8C7308616FA}.Debug|x64.ActiveCfg = Debug|x64
		{2953C019-C6DD-43D2-A7C6-C8C7308616FA}.Debug|x64.Build.0 = Debug|x64
		{2953C019-C6DD-43D2-A7C6-C8C7308616FA}.Debug|x86.ActiveCfg = Debug|Win32
		{2953C019-C6DD-43D2-A7C6-C8C7308616FA}.Debug|x86.Build.0 = Debug|Win32
		{2953C019-C6DD-43D2-A7C6-C8C7308616FA}.Release|x64.ActiveCfg = Release|x64
		{2953C019-C6DD-43D2-A7C6-C8C7308616FA}.Release|x64.Build.0 = Release|x64
		{2953C019-C6DD-43D2-A7C6-C8C7308616FA}.Release|x86.ActiveCfg = Release|Win32
		{2953C019-C6DD-43D2-A7C6-C8C7308616FA}.Release|x86.Build.0 = Release|Win32
		{4D46CA5F-E00E-416F-A594-CE8565C0BBC8}.Debug|x64.ActiveCfg = Debug|x64
		{4D46CA5F-E00E-416F-A594-CE8565C0BBC8}.Debug|x64.Build.0 = Debug|x64
		{4D46CA5F-E00E-416F-A594-CE8565C0BBC8}.Debug|x86.ActiveCfg = Debug|Win32
		{4D46CA5F-E00E-416F-A594-CE8565C0BBC8}.Debug|x86.Build.0 = Debug|Win32
		{4D46CA5F-E00E-416F-A594-CE8565C0BBC8}.Release|x64.ActiveCfg = Release|x64
		{4D46CA5F-E00E-416F-A594-CE8565C0BBC8}.Release|x64.Build.0 = Release|x64
		{4D46CA5F-E00E-416F-A594-CE8565C0BBC8}.Release|x86.ActiveCfg = Release|Win32
		{4D46CA5F-E00E-416F-A594-CE8565C0BBC8}.Release|x86.Build.0 = Release|Win32
		{635C3A33-1CD1-413E-886B-E73A2EFC1E64}.Debug|x64.ActiveCfg = Debug|x64
		{635C3A33-1CD1-413E-886B-E73A2EFC1E64}.Debug|x64.Build.0 = Debug|x64
		{635C3A33-1CD1-413E-886B-E73A2EFC1E64}.Debug|x86.ActiveCfg = Debug|Win32
		{635C3A33-1CD1-413E-886B-E73A2EFC1E64}.Debug|x86.Build.0 = Debug|Win32
		{635C3A33-1CD1-413E-886B-E73A2EFC1E64}.Release|x64.ActiveCfg = Release|x64
		{635C3A33-1CD1-413E-886B-E73A2EFC1E64}.Release|x64.Build.0 = Release|x64
		{635C3A33-1CD1-413E-886B-E73A2EFC1E64}.Release|x86.ActiveCfg = Release|Win32
		{635C3A33-1CD1-413E-886B-E73A2EFC1E64}.Release|x86.Build.0 = Release|Win32
		{CC335DF0-D689-432D-9952-72710645D991}.Debug|x64.ActiveCfg = Debug|x64
		{CC335DF0-D689-432D-9952-72710645D991}.Debug|x64.Build.0 = Debug|x64
		{CC335DF0-D689-432D-9952-72710645D991}.Debug|x86.ActiveCfg = Debug|Win32
		{CC335DF0-D689-432D-9952-72710645D991}.Debug|x86.Build.0 = Debug|Win32
		{CC335DF0-D689-432D-9952-72710645D991}.Release|x64.ActiveCfg = Release|x64
		{CC335DF0-D689-432D-9952-72710645D991}.Release|x64.Build.0 = Release|x64
		{CC335DF0-D689-432D-9952-72710645D991}.Release|x86.ActiveCfg = Release|Win32
		{CC335DF0-D689-432D-9952-72710645D991}.Release|x86.Build.0 = Release|Win32
		{276640C1-00F3-4716-B4F3-74E5DCA5B1E7}.Debug|x64.ActiveCfg = Debug|x64
		{276640C1-00F3-4716-B4F3-74E5DCA5B1E7}.Debug|x64.Build.0 = Debug|x64
		{276640C1-00F3-4716-B4F3-74E5DCA5B1E7}.Debug|x86.ActiveCfg = Debug|Win32
		{276640C1-00F3-4716-B4F3-74E5DCA5B1E7}.Debug|x86.Build.0 = Debug|Win32
		{276640C1-00F3-4716-B4F3-74E5DCA5B1E7}.Release|x64.ActiveCfg = Release|x64
		{276640C1-00F3-4716-B4F3-74E5DCA5B1E7}.Release|x64.Build.0 = Release|x64
		{276640C1-00F3-4716-B4F3-74E5DCA5B1E7}.Release|x86.ActiveCfg = Release|Win32
		{276640C1-00F3-4716-B4F3-74E5DCA5B1E7}.Release|x86.Build.0 = Release|Win32
		{5C13AD43-7113-4D42-AB82-637FE8AE130E}.Debug|x64.ActiveCfg = Debug|x64
		{5C13AD43-7113-4D42-AB82-637FE8AE130E}.Debug|x64.Build.0 = Debug|x64
		{5C13AD43-7113-4D42-AB82-637FE8AE130E}.Debug|x86.ActiveCfg = Debug|Win32
		{5C13AD43-7113-4D42-AB82-637FE8AE130E}.Debug|x86.Build.0 = Debug|Win32
		{5C13AD43-7113-4D42-AB82-637FE8AE130E}.Release|x64.ActiveCfg = Release|x64
		{5C13AD43-7113-4D42-AB82-637FE8AE130E}.Release|x64.Build.0 = Release|x64
		{5C13AD43-7113-4D42-AB82-637FE8AE130E}.Release|x86.ActiveCfg = Release|Win32
		{5C13AD43-7113-4D42-AB82-637FE8AE130E}.Release|x86.Build.0 = Release|Win32
		{F21EB961-07B1-4FAF-83DE-15C641A0C0F3}.Debug|x64.ActiveCfg = Debug|x64
		{F21EB961-07B1-4FAF-83DE-15C641A0C0F3}.Debug|x64.Build.0 = Debug|x64
		{F21EB961-07B1-4FAF-83DE-15C641A0C0F3}.Debug|x86.ActiveCfg = Debug|Win32
		{F21EB961-07B1-4FAF-83DE-15C641A0C0F3}.Debug|x86.Build.0 = Debug|Win32
		{F21EB961-07B1-4FAF-83DE-15C641A0C0F3}.Release|x64.ActiveCfg = Release|x64
		{F21EB961-07B1-4FAF-83DE-15C641A0C0F3}.Release|x64.Build.0 = Release|x64
		{F21EB961-07B1-4FAF-83DE-15C641A0C0F3}.Release|x86.ActiveCfg = Release|Win32
		{F21EB961-07B1-4FAF-83DE-15C641A0C0F3}.Release|x86.Build.0 = Release|Win32
		{30F3BFAB-F994-44F6-94B2-FBAB09620B1B}.Debug|x64.ActiveCfg = Debug|x64
		{30F3BFAB-F994-44F6-94B2-FBAB09620B1B}.Debug|x64.Build.0 = Debug|x64
		{30F3BFAB-F994-44F6-94B2-FBAB09620B1B}.Debug|x86.ActiveCfg = Debug|Win32
		{30F3BFAB-F994-44F6-94B2-FBAB09620B1B}.Debug|x86.Build.0 = Debug|Win32
		{30F3BFAB-F994-44F6-94B2-FBAB09620B1B}.Release|x64.ActiveCfg = Release|x64
		{30F3BFAB-F994-44F6-94B2-FBAB09620B1B}.Release|x64.Build.0 = Release|x64
		{30F3BFAB-F994-44F6-94B2-FBAB09620B1B}.Release|x86.ActiveCfg = Release|Win32
		{30F3BFAB-F994-44F6-94B2-FBAB09620B1B}.Release|x86.Build.0 = Release|Win32
		{DAD2EB27-CFC7-419F-B22E-A384B05BADAE}.Debug|x64.ActiveCfg = Debug|x64
		{DAD2EB27-CFC7-419F-B22E-A384B05BADAE}.Debug|x64.Build.0 = Debug|x64
		{DAD2EB27-CFC7-419F-B22E-A384B05BADAE}.Debug|x86.ActiveCfg = Debug|Win32
		{DAD2EB27-CFC7-419F-B22E-A384B05BADAE}.Debug|x86.Build.0 = Debug|Win32
		{DAD2EB27-CFC7-419F-B22E-A384B05BADAE}.Release|x64.ActiveCfg = Release|x64
		{DAD2EB27-CFC7-419F-B22E-A384B05BADAE}.Release|x64.Build.0 = Release|x64
		{DAD2EB27-CFC7-419F-B22E-A384B05BADAE}.Release|x86.ActiveCfg = Release|Win32
		{DAD2EB27-CFC7-419F-B22E-A384B05BADAE}.Release|x86.Build.0 = Release|Win32
		{A8A56996-17DB-4689-B54A-E24955848614}.Debug|x64.ActiveCfg = Debug|x64
		{A8A56996-17DB-4689-B54A-E24955848614}.Debug|x64.Build.0 = Debug|x64
		{A8A56996-17DB-4689-B54A-E24955848614}.Debug|x86.ActiveCfg = Debug|Win32
		{A8A56996-17DB-4689-B54A-E24955848614}.Debug|x86.Build.0 = Debug|Win32
		{A8A56996-17DB-4689-B54A-E24955848614}.Release|x64.ActiveCfg = Release|x64
		{A8A56996-17DB-4689-B54A-E24955848614}.Release|x64.Build.0 = Release|x64
		{A8A56996-17DB-4689-B54A-E24955848614}.Release|x86.ActiveCfg = Release|Win32
		{A8A56996-17DB-4689-B54A-E24955848614}.Release|x86.Build.0 = Release|Win32
		{5481CC01-F494-4861-9498-7155E39EB8D0}.Debug|x64.ActiveCfg = Debug|x64
		{5481CC01-F494-4861-9498-7155E39EB8D0}.Debug|x64.Build.0 = Debug|x64
		{5481CC01-F494-4861-9498-7155E39EB8D0}.Debug|x86.ActiveCfg = Debug|Win32
		{5481CC01-F494-4861-9498-7155E39EB8D0}.Debug|x86.Build.0 = Debug|Win32
		{5481CC01-F494-4861-9498-7155E39EB8D0}.Release|x64.ActiveCfg = Release|x64
		{5481CC01-F494-4861-9498-7155E39EB8D0}.Release|x64.Build.0 = Release|x64
		{5481CC01-F494-4861-9498-7155E39EB8D0}.Release|x86.ActiveCfg = Release|Win32
		{5481CC01-F494-4861-9498-7155E39EB8D0}.Release|x86.Build.0 = Release|Win32
		{ADCA29E0-706B-4CA1-8651-C54B60D6F7C9}.Debug|x64.ActiveCfg = Debug|x64
		{ADCA29E0-706B-4CA1-8651-C54B60D6F7C9}.Debug|x64.Build.0 = Debug|x64
		{ADCA29E0-706B-4CA1-8651-C54B60D6F7C9}.Debug|x86.ActiveCfg = Debug|Win32
		{ADCA29E0-706B-4CA1-8651-C54B60D6F7C9}.Debug|x86.Build.0 = Debug|Win32
		{ADCA29E0-706B-4CA1-8651-C54B60D6F7C9}.Release|x64.ActiveCfg = Release|x64
		{ADCA29E0-706B-4CA1-8651-C54B60D6F7C9}.Release|x64.Build.0 = Release|x64
		{ADCA29E0-706B-4CA1-8651-C54B60D6F7C9}.Release|x86.ActiveCfg = Release|Win32
		{ADCA29E0-706B-4CA1-8651-C54B60D6F7C9}.Release|x86.Build.0 = Release|Win32
		{0EA01989-BE04-4479-835F-2CA7AA2143D3}.Debug|x64.ActiveCfg = Debug|x64
		{0EA01989-BE04-4479-835F-2CA7AA2143D3}.Debug|x64.Build.0 = Debug|x64
		{0EA01989-BE04-4479-835F-2CA7AA2143D3}.Debug|x86.ActiveCfg = Debug|Win32
		{0EA01989-BE04-4479-835F-2CA7AA2143D3}.Debug|x86.Build.0 = Debug|Win32
		{0EA01989-BE04-4479-835F-2CA7AA2143D3}.Release|x64.ActiveCfg = Release|x64
		{0EA01989-BE04-4479-835F-2CA7AA2143D3}.Release|x64.Build.0 = Release|x64
		{0EA01989-BE04-4479-835F-2CA7AA2143D3}.Release|x86.ActiveCfg = Release|Win32
		{0EA01989-BE04-4479-835F-2CA7AA2143D3}.Release|x86.Build.0 = Release|Win32
		{7C1922BD-F397-4332-918A-79D37419EA7C}.Debug|x64.ActiveCfg = Debug|x64
		{7C1922BD-F397-4332-918A-79D37419EA7C}.Debug|x64.Build.0 = Debug|x64
		{7C1922BD-F397-4332-918A-79D37419EA7C}.Debug|x86.ActiveCfg = Debug|Win32
		{7C1922BD-F397-4332-918A-79D37419EA7C}.Debug|x86.Build.0 = Debug|Win32
		{7C1922BD-F397-4332-918A-79D37419EA7C}.Release|x64.ActiveCfg = Release|x64
		{7C1922BD-F397-4332-918A-79D37419EA7C}.Release|x64.Build.0 = Release|x64
		{7C1922BD-F397-4332-918A-79D37419EA7C}.Release|x86.ActiveCfg = Release|Win32
		{7C1922BD-F397-4332-918A-79D37419EA7C}.Release|x86.Build.0 = Release|Win32
		{19CCD0E8-CA88-4876-8F08-9E010529A64D}.Debug|x64.ActiveCfg = Debug|x64
		{19CCD0E8-CA88-4876-8F08-9E010529A64D}.Debug|x64.Build.0 = Debug|x64
		{19CCD0E8-CA88-4876-8F08-9E010529A64D}.Debug|x86.ActiveCfg = Debug|Win32
		{19CCD0E8-CA88-4876-8F08-9E010529A64D}.Debug|x86.Build.0 = Debug|Win32
		{19CCD0E8-CA88-4876-8F08-9E010529A64D}.Release|x64.ActiveCfg = Release|x64
		{19CCD0E8-CA88-4876-8F08-9E010529A64D}.Release|x64.Build.0 = Release|x64
		{19CCD0E8-CA88-4876-8F08-9E010529A64D}.Release|x86.ActiveCfg = Release|Win32
		{19CCD0E8-CA88-4876-8F08-9E010529A64D}.Release|x86.Build.0 = Release|Win32
		{A2DB6C75-A258-4C1E-A4A0-815D3FAB14EC}.Debug|x64.ActiveCfg = Debug|x64
		{A2DB6C75-A258-4C1E-A4A0-815D3FAB14EC}.Debug|x64.Build.0 = Debug|x64
		{A2DB6C75-A258-4C1E-A4A0-815D3FAB14EC}.Debug|x86.ActiveCfg = Debug|Win32
		{A2DB6C75-A258-4C1E-A4A0-815D3FAB14EC}.Debug|x86.Build.0 = Debug|Win32
		{A2DB6C75-A258-4C1E-A4A0-815D3FAB14EC}.Release|x64.ActiveCfg = Release|x64
		{A2DB6C75-A258-4C1E-A4A0-815D3FAB14EC}.Release|x64.Build.0 = Release|x64
		{A2DB6C75-A258-4C1E-A4A0-815D3FAB14EC}.Release|x86.ActiveCfg = Release|Win32
		{A2DB6C75-A258-4C1E-A4A0-815D3FAB14EC}.Release|x86.Build.0 = Release|Win32
		{BC50BC2C-965D-438C-BD63-C2099CA68C6E}.Debug|x64.ActiveCfg = Debug|x64
		{BC50BC2C-965D-438C-BD63-C2099CA68C6E}.Debug|x64.Build.0 = Debug|x64
		{BC50BC2C-965D-438C-BD63-C2099CA68C6E}.Debug|x86.ActiveCfg = Debug|Win32
		{BC50BC2C-965D-438C-BD63-C2099CA68C6E}.Debug|x86.Build.0 = Debug|Win32
		{BC50BC2C-965D-438C-BD63-C2099CA68C6E}.Release|x64.ActiveCfg = Release|x64
		{BC50BC2C-965D-438C-BD63-C2099CA68C6E}.Release|x64.Build.0 = Release|x64
		{BC50BC2C-965D-438C-BD63-C2099CA68C6E}.Release|x86.ActiveCfg = Release|Win32
		{BC50BC2C-965D-438C-BD63-C2099CA68C6E}.Release|x86.Build.0 = Release|Win32
		{881F6D37-CDCD-4580-B27D-C47689F9A1E2}.Debug|x64.ActiveCfg = Debug|x64
		{881F6D37-CDCD-4580-B27D-C47689F9A1E2}.Debug|x64.Build.0 = Debug|x64
		{881F6D37-CDCD-4580-B27D-C47689F9A1E2}.Debug|x86.ActiveCfg = Debug|Win32
		{881F6D37-CDCD-4580-B27D-C47689F9A1E2}.Debug|x86.Build.0 = Debug|Win32
		{881F6D37-CDCD-4580-B27D-C47689F9A1E2}.Release|x64.ActiveCfg = Release|x64
		{881F6D37-CDCD-4580-B27D-C47689F9A1E2}.Release|x64.Build.0 = Release|x64
		{881F6D37-CDCD-4580-B27D-C47689F9A1E2}.Release|x86.ActiveCfg = Release|Win32
		{881F6D37-CDCD-4580-B27D-C47689F9A1E2}.Release|x86.Build.0 = Release|Win32
		{D6DF00F4-0DA7-4476-9AAD-8025585ACCA9}.Debug|x64.ActiveCfg = Debug|x64
		{D6DF00F4-0DA7-4476-9AAD-8025585ACCA9}.Debug|x64.Build.0 = Debug|x64
		{D6DF00F4-0DA7-4476-9AAD-8025585ACCA9}.Debug|x86.ActiveCfg = Debug|Win32
		{D6DF00F4-0DA7-4476-9AAD-8025585ACCA9}.Debug|x86.Build.0 = Debug|Win32
		{D6DF00F4-0DA7-4476-9AAD-8025585ACCA9}.Release|x64.ActiveCfg = Release|x64
		{D6DF00F4-0DA7-4476-9AAD-8025585ACCA9}.Release|x64.Build.0 = Release|x64
		{D6DF00F4-0DA7-4476-9AAD-8025585ACCA9}.Release|x86.ActiveCfg = Release|Win32
		{D6DF00F4-0DA7-4476-9AAD-8025585ACCA9}.Release|x86.Build.0 = Release|Win32
		{B4168F48-3734-4F12-9CBD-001B91854E7B}.Debug|x64.ActiveCfg = Debug|x64
		{B4168F48-3734-4F12-9CBD-001B91854E7B}.Debug|x64.Build.0 = Debug|x64
		{B4168F48-3734-4F12-9CBD-001B91854E7B}.Debug|x86.ActiveCfg = Debug|Win32
		{B4168F48-3734-4F12-9CBD-001B91854E7B}.Debug|x86.Build.0 = Debug|Win32
		{B4168F48-3734-4F12-9CBD-001B91854E7B}.Release|x64.ActiveCfg = Release|x64
		{B4168F48-3734-4F12-9CBD-001B91854E7B}.Release|x64.Build.0 = Release|x64
		{B4168F48-3734-4F12-9CBD-001B91854E7B}.Release|x86.ActiveCfg = Release|Win32
		{B4168F48-3734-4F12-9CBD-001B91854E7B}.Release|x86.Build.0 = Release|Win32
		{91A519DD-FBB5-47BC-A040-742C39B9FBA6}.Debug|x64.ActiveCfg = Debug|x64
		{91A519DD-FBB5-47BC-A040-742C39B9FBA6}.Debug|x64.Build.0 = Debug|x64
		{91A519DD-FBB5-47BC-A040-742C39B9FBA6}.Debug|x86.ActiveCfg = Debug|Win32
		{91A519DD-FBB5-47BC-A040-742C39B9FBA6}.Debug|x86.Build.0 = Debug|Win32
		{91A519DD-FBB5-47BC-A040-742C39B9FBA6}.Release|x64.ActiveCfg = Release|x64
		{91A519DD-FBB5-47BC-A040-742C39B9FBA6}.Release|x64.Build.0 = Release|x64
		{91A519DD-FBB5-47BC-A040-742C39B9FBA6}.Release|x86.ActiveCfg = Release|Win32
		{91A519DD-FBB5-47BC-A040-742C39B9FBA6}.Release|x86.Build.0 = Release|Win32
		{AF322285-18CB-483B-9CC7-42695A736F20}.Debug|x64.ActiveCfg = Debug|x64
		{AF322285-18CB-483B-9CC7-42695A736F20}.Debug|x64.Build.0 = Debug|x64
		{AF322285-18CB-483B-9CC7-42695A736F20}.Debug|x86.ActiveCfg = Debug|Win32
		{AF322285-18CB-483B-9CC7-42695A736F20}.Debug|x86.Build.0 = Debug|Win32
		{AF322285-18CB-483B-9CC7-42695A736F20}.Release|x64.ActiveCfg = Release|x64
		{AF322285-18CB-483B-9CC7-42695A736F20}.Release|x64.Build.0 = Release|x64
		{AF322285-18CB-483B-9CC7-42695A736F20}.Release|x86.ActiveCfg = Release|Win32
		{AF322285-18CB-483B-9CC7-42695A736F20}.Release|x86.Build.0 = Release|Win32
		{0B50E77B-492C-4FA1-91A8-7ED0A73CC56C}.Debug|x64.ActiveCfg = Debug|x64
		{0B50E77B-492C-4FA1-91A8-7ED0A73CC56C}.Debug|x64.Build.0 = Debug|x64
		{0B50E77B-492C-4FA1-91A8-7ED0A73CC56C}.Debug|x86.ActiveCfg = Debug|Win32
		{0B50E77B-492C-4FA1-91A8-7ED0A73CC56C}.Debug|x86.Build.0 = Debug|Win32
		{0B50E77B-492C-4FA1-91A8-7ED0A73CC56C}.Release|x64.ActiveCfg = Release|x64
		{0B50E77B-492C-4FA1-91A8-7ED0A73CC56C}.Release|x64.Build.0 = Release|x64
		{0B50E77B-492C-4FA1-91A8-7ED0A73CC56C}.Release|x86.ActiveCfg = Release|Win32
		{0B50E77B-492C-4FA1-91A8-7ED0A73CC56C}.Release|x86.Build.0 = Release|Win32
		{0D089CAB-8AA2-4F5B-9ABD-67DE45881C25}.Debug|x64.ActiveCfg = Debug|x64
		{0D089CAB-8AA2-4F5B-9ABD-67DE45881C25}.Debug|x64.Build.0 = Debug|x64
		{0D089CAB-8AA2-4F5B-9ABD-67DE45881C25}.Debug|x86.ActiveCfg = Debug|Win32
		{0D089CAB-8AA2-4F5B-9ABD-67DE45881C25}.Debug|x86.Build.0 = Debug|Win32
		{0D089CAB-8AA2-4F5B-9ABD-67DE45881C25}.Release|x64.ActiveCfg = Release|x64
		{0D089CAB-8AA2-4F5B-9ABD-67DE45881C25}.Release|x64.Build.0 = Release|x64
		{0D089CAB-8AA2-4F5B-9ABD-67DE45881C25}.Release|x86.ActiveCfg = Release|Win32
		{0D089CAB-8AA2-4F5B-9ABD-67DE45881C25}.Release|x86.Build.0 = Release|Win32
		{E400124E-8C16-4539-B767-87A713D0A14B}.Debug|x64.ActiveCfg = Debug|x64
		{E400124E-8C16-4539-B767-87A713D0A14B}.Debug|x64.Build.0 = Debug|x64
		{E400124E-8C16-4539-B767-87A713D0A14B}.Debug|x86.ActiveCfg = Debug|Win32
		{E400124E-8C16-4539-B767-87A713D0A14B}.Debug|x86.Build.0 = Debug|Win32
		{E400124E-8C16-4539-B767-87A713D0A14B}.Release|x64.ActiveCfg = Release|x64
		{E400124E-8C16-4539-B767-87A713D0A14B}.Release|x64.Build.0 = Release|x64
		{E400124E-8C16-4539-B767-87A713D0A14B}.Release|x86.ActiveCfg = Release|Win32
		{E400124E-8C16-4539-B767-87A713D0A14B}.Release|x86.Build.0 = Release|Win32
		{601E546E-75C4-405B-AE3D-3411BA2004F6}.Debug|x64.ActiveCfg = Debug|x64
		{601E546E-75C4-405B-AE3D-3411BA2004F6}.Debug|x64.Build.0 = Debug|x64
		{601E546E-75C4-405B-AE3D-3411BA2004F6}.Debug|x86.ActiveCfg = Debug|Win32
		{601E546E-75C4-405B-AE3D-3411BA2004F6}.Debug|x86.Build.0 = Debug|Win32
		{601E546E-75C4-405B-AE3D-3411BA2004F6}.Release|x64.ActiveCfg = Release|x64
		{601E546E-75C4-405B-AE3D-3411BA2004F6}.Release|x64.Build.0 = Release|x64
		{601E546E-75C4-405B-AE3D-3411BA2004F6}.Release|x86.ActiveCfg = Release|Win32
		{601E546E-75C4-405B-AE3D-3411BA2004F6}.Release|x86.Build.0 = Release|Win32
		{23A8FAE7-7683-4303-9975-11B7E719C891}.Debug|x64.ActiveCfg = Debug|x64
		{23A8FAE7-7683-4303-9975-11B7E719C891}.Debug|x64.Build.0 = Debug|x64
		{23A8FAE7-7683-4303-9975-11B7E719C891}.Debug|x86.ActiveCfg = Debug|Win32
		{23A8FAE7-7683-4303-9975-11B7E719C891}.Debug|x86.Build.0 = Debug|Win32
		{23A8FAE7-7683-4303-9975-11B7E719C891}.Release|x64.ActiveCfg = Release|x64
		{23A8FAE7-7683-4303-9975-11B7E719C891}.Release|x64.Build.0 = Release|x64
		{23A8FAE7-7683-4303-9975-11B7E719C891}.Release|x86.ActiveCfg = Release|Win32
		{23A8FAE7-7683-4303-9975-11B7E719C891}.Release|x86.Build.0 = Release|Win32
		{E5F5B99A-0AF4-4B60-A7D0-D2A6921B2212}.Debug|x64.ActiveCfg = Debug|x64
		{E5F5B99A-0AF4-4B60-A7D0-D2A6921B2212}.Debug|x64.Build.0 = Debug|x64
		{E5F5B99A-0AF4-4B60-A7D0-D2A6921B2212}.Debug|x86.ActiveCfg = Debug|Win32
		{E5F5B99A-0AF4-4B60-A7D0-D2A6921B2212}.Debug|x86.Build.0 = Debug|Win32
		{E5F5B99A-0AF4-4B60-A7D0-D2A6921B2212}.Release|x64.ActiveCfg = Release|x64
		{E5F5B99A-0AF4-4B60-A7D0-D2A6921B2212}.Release|x64.Build.0 = Release|x64
		{E5F5B99A-0AF4-4B60-A7D0-D2A6921B2212}.Release|x86.ActiveCfg = Release|Win32
		{E5F5B99A-0AF4-4B60-A7D0-D2A6921B2212}.Release|x86.Build.0 = Release|Win32
		{84FE0EA5-3DAA-421F-930D-92CA534B2388}.Debug|x64.ActiveCfg = Debug|x64
		{84FE0EA5-3DAA-421F-930D-92CA534B2388}.Debug|x64.Build.0 = Debug|x64
		{84FE0EA5-3DAA-421F-930D-92CA534B2388}.Debug|x86.ActiveCfg = Debug|Win32
		{84FE0EA5-3DAA-421F-930D-92CA534B2388}.Debug|x86.Build.0 = Debug|Win32
		{84FE0EA5-3DAA-421F-930D-92CA534B2388}.Release|x64.ActiveCfg = Release|x64
		{84FE0EA5-3DAA-421F-930D-92CA534B2388}.Release|x64.Build.0 = Release|x64
		{84FE0EA5-3DAA-421F-930D-92CA534B2388}.Release|x86.ActiveCfg = Release|Win32
		{84FE0EA5-3DAA-421F-930D-92CA534B2388}.Release|x86.Build.0 = Release|Win32
		{213AD641-5C7A-4285-BBAF-4967E09FA011}.Debug|x64.ActiveCfg = Debug|x64
		{213AD641-5C7A-4285-BBAF-4967E09FA011}.Debug|x64.Build.0 = Debug|x64
		{213AD641-5C7A-4285-BBAF-4967E09FA011}.Debug|x86.ActiveCfg = Debug|Win32
		{213AD641-5C7A-4285-BBAF-4967E09FA011}.Debug|x86.Build.0 = Debug|Win32
		{213AD641-5C7A-4285-BBAF-4967E09FA011}.Release|x64.ActiveCfg = Release|x64
		{213AD641-5C7A-4285-BBAF-4967E09FA011}.Release|x64.Build.0 = Release|x64
		{213AD641-5C7A-4285-BBAF-4967E09FA011}.Release|x86.ActiveCfg = Release|Win32
		{213AD641-5C7A-4285-BBAF-4967E09FA011}.Release|x86.Build.0 = Release|Win32
		{1C53D074-0792-4333-8875-9CE17AD42C19}.Debug|x64.ActiveCfg = Debug|x64
		{1C53D074-0792-4333-8875-9CE17AD42C19}.Debug|x64.Build.0 = Debug|x64
		{1C53D074-0792-4333-8875-9CE17AD42C19}.Debug|x86.ActiveCfg = Debug|Win32
		{1C53D074-0792-4333-8875-9CE17AD42C19}.Debug|x86.Build.0 = Debug|Win32
		{1C53D074-0792-4333-8875-9CE17AD42C19}.Release|x64.ActiveCfg = Release|x64
		{1C53D074-0792-4333-8875-9CE17AD42C19}.Release|x64.Build.0 = Release|x64
		{1C53D074-0792-4333-8875-9CE17AD42C19}.Release|x86.ActiveCfg = Release|Win32
		{1C53D074-0792-4333-8875-9CE17AD42C19}.Release|x86.Build.0 = Release|Win32
	EndGlobalSection
	GlobalSection(SolutionProperties) = preSolution
		HideSolutionNode = FALSE
	EndGlobalSection
	GlobalSection(ExtensibilityGlobals) = postSolution
		SolutionGuid = {E9685B04-F3D5-429B-8EB6-0DA839D3B1A0}
	EndGlobalSection
EndGlobal
