
Microsoft Visual Studio Solution File, Format Version 12.00
# Visual Studio Version 17
VisualStudioVersion = 17.10.35013.160
MinimumVisualStudioVersion = 10.0.40219.1
Project("{8BC9CEB8-8B4A-11D0-8D11-00A0C91BC942}") = "1.1.01", "1.1.01\1.1.01.vcxproj", "{EE7B6AE0-0659-4FD6-848D-C5BD9A054335}"
EndProject
Project("{8BC9CEB8-8B4A-11D0-8D11-00A0C91BC942}") = "1.2.01", "1.2.01\1.2.01.vcxproj", "{F4EA80B8-BDAE-4D13-A209-D527B1099606}"
EndProject
Project("{8BC9CEB8-8B4A-11D0-8D11-00A0C91BC942}") = "1.2.02", "1.2.02\1.2.02.vcxproj", "{92112833-7F61-418E-9B32-53A1FCFD761F}"
EndProject
Project("{8BC9CEB8-8B4A-11D0-8D11-00A0C91BC942}") = "1.3.01", "1.3.01\1.3.01.vcxproj", "{2953C019-C6DD-43D2-A7C6-C8C7308616FA}"
EndProject
Project("{8BC9CEB8-8B4A-11D0-8D11-00A0C91BC942}") = "1.3.02", "1.3.02\1.3.02.vcxproj", "{4D46CA5F-E00E-416F-A594-CE8565C0BBC8}"
EndProject
Project("{8BC9CEB8-8B4A-11D0-8D11-00A0C91BC942}") = "1.3.03", "1.3.03\1.3.03.vcxproj", "{635C3A33-1CD1-413E-886B-E73A2EFC1E64}"
EndProject
Project("{8BC9CEB8-8B4A-11D0-8D11-00A0C91BC942}") = "1.3.04", "1.3.04\1.3.04.vcxproj", "{CC335DF0-D689-432D-9952-72710645D991}"
EndProject
Project("{8BC9CEB8-8B4A-11D0-8D11-00A0C91BC942}") = "1.4.01", "1.4.01\1.4.01.vcxproj", "{276640C1-00F3-4716-B4F3-74E5DCA5B1E7}"
EndProject
Project("{8BC9CEB8-8B4A-11D0-8D11-00A0C91BC942}") = "1.4.02", "1.4.02\1.4.02.vcxproj", "{5C13AD43-7113-4D42-AB82-637FE8AE130E}"
EndProject
Project("{8BC9CEB8-8B4A-11D0-8D11-00A0C91BC942}") = "1.4.03", "1.4.03\1.4.03.vcxproj", "{F21EB961-07B1-4FAF-83DE-15C641A0C0F3}"
EndProject
Project("{8BC9CEB8-8B4A-11D0-8D11-00A0C91BC942}") = "1.5.01", "1.5.01\1.5.01.vcxproj", "{30F3BFAB-F994-44F6-94B2-FBAB09620B1B}"
EndProject
Project("{8BC9CEB8-8B4A-11D0-8D11-00A0C91BC942}") = "1.5.02", "1.5.02\1.5.02.vcxproj", "{DAD2EB27-CFC7-419F-B22E-A384B05BADAE}"
EndProject
Project("{8BC9CEB8-8B4A-11D0-8D11-00A0C91BC942}") = "1.5.04", "1.5.04\1.5.04.vcxproj", "{A8A56996-17DB-4689-B54A-E24955848614}"
EndProject
Project("{8BC9CEB8-8B4A-11D0-8D11-00A0C91BC942}") = "1.5.03", "1.5.03\1.5.03.vcxproj", "{5481CC01-F494-4861-9498-7155E39EB8D0}"
EndProject
Global
	GlobalSection(SolutionConfigurationPlatforms) = preSolution
		Debug|x64 = Debug|x64
		Debug|x86 = Debug|x86
		Release|x64 = Release|x64
		Release|x86 = Release|x86
	EndGlobalSection
	GlobalSection(ProjectConfigurationPlatforms) = postSolution
		{EE7B6AE0-0659-4FD6-848D-C5BD9A054335}.Debug|x64.ActiveCfg = Debug|x64
		{EE7B6AE0-0659-4FD6-848D-C5BD9A054335}.Debug|x64.Build.0 = Debug|x64
		{EE7B6AE0-0659-4FD6-848D-C5BD9A054335}.Debug|x86.ActiveCfg = Debug|Win32
		{EE7B6AE0-0659-4FD6-848D-C5BD9A054335}.Debug|x86.Build.0 = Debug|Win32
		{EE7B6AE0-0659-4FD6-848D-C5BD9A054335}.Release|x64.ActiveCfg = Release|x64
		{EE7B6AE0-0659-4FD6-848D-C5BD9A054335}.Release|x64.Build.0 = Release|x64
		{EE7B6AE0-0659-4FD6-848D-C5BD9A054335}.Release|x86.ActiveCfg = Release|Win32
		{EE7B6AE0-0659-4FD6-848D-C5BD9A054335}.Release|x86.Build.0 = Release|Win32
		{F4EA80B8-BDAE-4D13-A209-D527B1099606}.Debug|x64.ActiveCfg = Debug|x64
		{F4EA80B8-BDAE-4D13-A209-D527B1099606}.Debug|x64.Build.0 = Debug|x64
		{F4EA80B8-BDAE-4D13-A209-D527B1099606}.Debug|x86.ActiveCfg = Debug|Win32
		{F4EA80B8-BDAE-4D13-A209-D527B1099606}.Debug|x86.Build.0 = Debug|Win32
		{F4EA80B8-BDAE-4D13-A209-D527B1099606}.Release|x64.ActiveCfg = Release|x64
		{F4EA80B8-BDAE-4D13-A209-D527B1099606}.Release|x64.Build.0 = Release|x64
		{F4EA80B8-BDAE-4D13-A209-D527B1099606}.Release|x86.ActiveCfg = Release|Win32
		{F4EA80B8-BDAE-4D13-A209-D527B1099606}.Release|x86.Build.0 = Release|Win32
		{92112833-7F61-418E-9B32-53A1FCFD761F}.Debug|x64.ActiveCfg = Debug|x64
		{92112833-7F61-418E-9B32-53A1FCFD761F}.Debug|x64.Build.0 = Debug|x64
		{92112833-7F61-418E-9B32-53A1FCFD761F}.Debug|x86.ActiveCfg = Debug|Win32
		{92112833-7F61-418E-9B32-53A1FCFD761F}.Debug|x86.Build.0 = Debug|Win32
		{92112833-7F61-418E-9B32-53A1FCFD761F}.Release|x64.ActiveCfg = Release|x64
		{92112833-7F61-418E-9B32-53A1FCFD761F}.Release|x64.Build.0 = Release|x64
		{92112833-7F61-418E-9B32-53A1FCFD761F}.Release|x86.ActiveCfg = Release|Win32
		{92112833-7F61-418E-9B32-53A1FCFD761F}.Release|x86.Build.0 = Release|Win32
		{2953C019-C6DD-43D2-A7C6-C8C7308616FA}.Debug|x64.ActiveCfg = Debug|x64
		{2953C019-C6DD-43D2-A7C6-C8C7308616FA}.Debug|x64.Build.0 = Debug|x64
		{2953C019-C6DD-43D2-A7C6-C8C7308616FA}.Debug|x86.ActiveCfg = Debug|Win32
		{2953C019-C6DD-43D2-A7C6-C8C7308616FA}.Debug|x86.Build.0 = Debug|Win32
		{2953C019-C6DD-43D2-A7C6-C8C7308616FA}.Release|x64.ActiveCfg = Release|x64
		{2953C019-C6DD-43D2-A7C6-C8C7308616FA}.Release|x64.Build.0 = Release|x64
		{2953C019-C6DD-43D2-A7C6-C8C7308616FA}.Release|x86.ActiveCfg = Release|Win32
		{2953C019-C6DD-43D2-A7C6-C8C7308616FA}.Release|x86.Build.0 = Release|Win32
		{4D46CA5F-E00E-416F-A594-CE8565C0BBC8}.Debug|x64.ActiveCfg = Debug|x64
		{4D46CA5F-E00E-416F-A594-CE8565C0BBC8}.Debug|x64.Build.0 = Debug|x64
		{4D46CA5F-E00E-416F-A594-CE8565C0BBC8}.Debug|x86.ActiveCfg = Debug|Win32
		{4D46CA5F-E00E-416F-A594-CE8565C0BBC8}.Debug|x86.Build.0 = Debug|Win32
		{4D46CA5F-E00E-416F-A594-CE8565C0BBC8}.Release|x64.ActiveCfg = Release|x64
		{4D46CA5F-E00E-416F-A594-CE8565C0BBC8}.Release|x64.Build.0 = Release|x64
		{4D46CA5F-E00E-416F-A594-CE8565C0BBC8}.Release|x86.ActiveCfg = Release|Win32
		{4D46CA5F-E00E-416F-A594-CE8565C0BBC8}.Release|x86.Build.0 = Release|Win32
		{635C3A33-1CD1-413E-886B-E73A2EFC1E64}.Debug|x64.ActiveCfg = Debug|x64
		{635C3A33-1CD1-413E-886B-E73A2EFC1E64}.Debug|x64.Build.0 = Debug|x64
		{635C3A33-1CD1-413E-886B-E73A2EFC1E64}.Debug|x86.ActiveCfg = Debug|Win32
		{635C3A33-1CD1-413E-886B-E73A2EFC1E64}.Debug|x86.Build.0 = Debug|Win32
		{635C3A33-1CD1-413E-886B-E73A2EFC1E64}.Release|x64.ActiveCfg = Release|x64
		{635C3A33-1CD1-413E-886B-E73A2EFC1E64}.Release|x64.Build.0 = Release|x64
		{635C3A33-1CD1-413E-886B-E73A2EFC1E64}.Release|x86.ActiveCfg = Release|Win32
		{635C3A33-1CD1-413E-886B-E73A2EFC1E64}.Release|x86.Build.0 = Release|Win32
		{CC335DF0-D689-432D-9952-72710645D991}.Debug|x64.ActiveCfg = Debug|x64
		{CC335DF0-D689-432D-9952-72710645D991}.Debug|x64.Build.0 = Debug|x64
		{CC335DF0-D689-432D-9952-72710645D991}.Debug|x86.ActiveCfg = Debug|Win32
		{CC335DF0-D689-432D-9952-72710645D991}.Debug|x86.Build.0 = Debug|Win32
		{CC335DF0-D689-432D-9952-72710645D991}.Release|x64.ActiveCfg = Release|x64
		{CC335DF0-D689-432D-9952-72710645D991}.Release|x64.Build.0 = Release|x64
		{CC335DF0-D689-432D-9952-72710645D991}.Release|x86.ActiveCfg = Release|Win32
		{CC335DF0-D689-432D-9952-72710645D991}.Release|x86.Build.0 = Release|Win32
		{276640C1-00F3-4716-B4F3-74E5DCA5B1E7}.Debug|x64.ActiveCfg = Debug|x64
		{276640C1-00F3-4716-B4F3-74E5DCA5B1E7}.Debug|x64.Build.0 = Debug|x64
		{276640C1-00F3-4716-B4F3-74E5DCA5B1E7}.Debug|x86.ActiveCfg = Debug|Win32
		{276640C1-00F3-4716-B4F3-74E5DCA5B1E7}.Debug|x86.Build.0 = Debug|Win32
		{276640C1-00F3-4716-B4F3-74E5DCA5B1E7}.Release|x64.ActiveCfg = Release|x64
		{276640C1-00F3-4716-B4F3-74E5DCA5B1E7}.Release|x64.Build.0 = Release|x64
		{276640C1-00F3-4716-B4F3-74E5DCA5B1E7}.Release|x86.ActiveCfg = Release|Win32
		{276640C1-00F3-4716-B4F3-74E5DCA5B1E7}.Release|x86.Build.0 = Release|Win32
		{5C13AD43-7113-4D42-AB82-637FE8AE130E}.Debug|x64.ActiveCfg = Debug|x64
		{5C13AD43-7113-4D42-AB82-637FE8AE130E}.Debug|x64.Build.0 = Debug|x64
		{5C13AD43-7113-4D42-AB82-637FE8AE130E}.Debug|x86.ActiveCfg = Debug|Win32
		{5C13AD43-7113-4D42-AB82-637FE8AE130E}.Debug|x86.Build.0 = Debug|Win32
		{5C13AD43-7113-4D42-AB82-637FE8AE130E}.Release|x64.ActiveCfg = Release|x64
		{5C13AD43-7113-4D42-AB82-637FE8AE130E}.Release|x64.Build.0 = Release|x64
		{5C13AD43-7113-4D42-AB82-637FE8AE130E}.Release|x86.ActiveCfg = Release|Win32
		{5C13AD43-7113-4D42-AB82-637FE8AE130E}.Release|x86.Build.0 = Release|Win32
		{F21EB961-07B1-4FAF-83DE-15C641A0C0F3}.Debug|x64.ActiveCfg = Debug|x64
		{F21EB961-07B1-4FAF-83DE-15C641A0C0F3}.Debug|x64.Build.0 = Debug|x64
		{F21EB961-07B1-4FAF-83DE-15C641A0C0F3}.Debug|x86.ActiveCfg = Debug|Win32
		{F21EB961-07B1-4FAF-83DE-15C641A0C0F3}.Debug|x86.Build.0 = Debug|Win32
		{F21EB961-07B1-4FAF-83DE-15C641A0C0F3}.Release|x64.ActiveCfg = Release|x64
		{F21EB961-07B1-4FAF-83DE-15C641A0C0F3}.Release|x64.Build.0 = Release|x64
		{F21EB961-07B1-4FAF-83DE-15C641A0C0F3}.Release|x86.ActiveCfg = Release|Win32
		{F21EB961-07B1-4FAF-83DE-15C641A0C0F3}.Release|x86.Build.0 = Release|Win32
		{30F3BFAB-F994-44F6-94B2-FBAB09620B1B}.Debug|x64.ActiveCfg = Debug|x64
		{30F3BFAB-F994-44F6-94B2-FBAB09620B1B}.Debug|x64.Build.0 = Debug|x64
		{30F3BFAB-F994-44F6-94B2-FBAB09620B1B}.Debug|x86.ActiveCfg = Debug|Win32
		{30F3BFAB-F994-44F6-94B2-FBAB09620B1B}.Debug|x86.Build.0 = Debug|Win32
		{30F3BFAB-F994-44F6-94B2-FBAB09620B1B}.Release|x64.ActiveCfg = Release|x64
		{30F3BFAB-F994-44F6-94B2-FBAB09620B1B}.Release|x64.Build.0 = Release|x64
		{30F3BFAB-F994-44F6-94B2-FBAB09620B1B}.Release|x86.ActiveCfg = Release|Win32
		{30F3BFAB-F994-44F6-94B2-FBAB09620B1B}.Release|x86.Build.0 = Release|Win32
		{DAD2EB27-CFC7-419F-B22E-A384B05BADAE}.Debug|x64.ActiveCfg = Debug|x64
		{DAD2EB27-CFC7-419F-B22E-A384B05BADAE}.Debug|x64.Build.0 = Debug|x64
		{DAD2EB27-CFC7-419F-B22E-A384B05BADAE}.Debug|x86.ActiveCfg = Debug|Win32
		{DAD2EB27-CFC7-419F-B22E-A384B05BADAE}.Debug|x86.Build.0 = Debug|Win32
		{DAD2EB27-CFC7-419F-B22E-A384B05BADAE}.Release|x64.ActiveCfg = Release|x64
		{DAD2EB27-CFC7-419F-B22E-A384B05BADAE}.Release|x64.Build.0 = Release|x64
		{DAD2EB27-CFC7-419F-B22E-A384B05BADAE}.Release|x86.ActiveCfg = Release|Win32
		{DAD2EB27-CFC7-419F-B22E-A384B05BADAE}.Release|x86.Build.0 = Release|Win32
		{A8A56996-17DB-4689-B54A-E24955848614}.Debug|x64.ActiveCfg = Debug|x64
		{A8A56996-17DB-4689-B54A-E24955848614}.Debug|x64.Build.0 = Debug|x64
		{A8A56996-17DB-4689-B54A-E24955848614}.Debug|x86.ActiveCfg = Debug|Win32
		{A8A56996-17DB-4689-B54A-E24955848614}.Debug|x86.Build.0 = Debug|Win32
		{A8A56996-17DB-4689-B54A-E24955848614}.Release|x64.ActiveCfg = Release|x64
		{A8A56996-17DB-4689-B54A-E24955848614}.Release|x64.Build.0 = Release|x64
		{A8A56996-17DB-4689-B54A-E24955848614}.Release|x86.ActiveCfg = Release|Win32
		{A8A56996-17DB-4689-B54A-E24955848614}.Release|x86.Build.0 = Release|Win32
		{5481CC01-F494-4861-9498-7155E39EB8D0}.Debug|x64.ActiveCfg = Debug|x64
		{5481CC01-F494-4861-9498-7155E39EB8D0}.Debug|x64.Build.0 = Debug|x64
		{5481CC01-F494-4861-9498-7155E39EB8D0}.Debug|x86.ActiveCfg = Debug|Win32
		{5481CC01-F494-4861-9498-7155E39EB8D0}.Debug|x86.Build.0 = Debug|Win32
		{5481CC01-F494-4861-9498-7155E39EB8D0}.Release|x64.ActiveCfg = Release|x64
		{5481CC01-F494-4861-9498-7155E39EB8D0}.Release|x64.Build.0 = Release|x64
		{5481CC01-F494-4861-9498-7155E39EB8D0}.Release|x86.ActiveCfg = Release|Win32
		{5481CC01-F494-4861-9498-7155E39EB8D0}.Release|x86.Build.0 = Release|Win32
	EndGlobalSection
	GlobalSection(SolutionProperties) = preSolution
		HideSolutionNode = FALSE
	EndGlobalSection
	GlobalSection(ExtensibilityGlobals) = postSolution
		SolutionGuid = {E9685B04-F3D5-429B-8EB6-0DA839D3B1A0}
	EndGlobalSection
EndGlobal
